// !$*UTF8*$!
{
	archiveVersion = 1;
	classes = {
	};
	objectVersion = 50;
	objects = {

/* Begin PBXBuildFile section */
		1139A42126E0D7DD005C255B /* GameKit.framework in Frameworks */ = {isa = PBXBuildFile; fileRef = 1139A42026E0D7DD005C255B /* GameKit.framework */; };
		1173265C26C6B3E500E29186 /* AppDelegate.swift in Sources */ = {isa = PBXBuildFile; fileRef = 1173265B26C6B3E500E29186 /* AppDelegate.swift */; };
		1173265E26C6B3E500E29186 /* SceneDelegate.swift in Sources */ = {isa = PBXBuildFile; fileRef = 1173265D26C6B3E500E29186 /* SceneDelegate.swift */; };
		1173266026C6B3E500E29186 /* GameViewController.swift in Sources */ = {isa = PBXBuildFile; fileRef = 1173265F26C6B3E500E29186 /* GameViewController.swift */; };
		1173266326C6B3E500E29186 /* Main.storyboard in Resources */ = {isa = PBXBuildFile; fileRef = 1173266126C6B3E500E29186 /* Main.storyboard */; };
		1173266526C6B3ED00E29186 /* Assets.xcassets in Resources */ = {isa = PBXBuildFile; fileRef = 1173266426C6B3ED00E29186 /* Assets.xcassets */; };
		1173266826C6B3ED00E29186 /* LaunchScreen.storyboard in Resources */ = {isa = PBXBuildFile; fileRef = 1173266626C6B3ED00E29186 /* LaunchScreen.storyboard */; };
		1173267326C6B4AA00E29186 /* HVD_Comic_Serif_Pro.otf in Resources */ = {isa = PBXBuildFile; fileRef = 1173267226C6B4AA00E29186 /* HVD_Comic_Serif_Pro.otf */; };
		1173267626C81E9D00E29186 /* String.swift in Sources */ = {isa = PBXBuildFile; fileRef = 1173267526C81E9D00E29186 /* String.swift */; };
/* End PBXBuildFile section */

/* Begin PBXFileReference section */
		1139A41C26E0D6F9005C255B /* Add-1.entitlements */ = {isa = PBXFileReference; lastKnownFileType = text.plist.entitlements; path = "Add-1.entitlements"; sourceTree = "<group>"; };
		1139A42026E0D7DD005C255B /* GameKit.framework */ = {isa = PBXFileReference; lastKnownFileType = wrapper.framework; name = GameKit.framework; path = System/Library/Frameworks/GameKit.framework; sourceTree = SDKROOT; };
		1173265826C6B3E500E29186 /* Add-1.app */ = {isa = PBXFileReference; explicitFileType = wrapper.application; includeInIndex = 0; path = "Add-1.app"; sourceTree = BUILT_PRODUCTS_DIR; };
		1173265B26C6B3E500E29186 /* AppDelegate.swift */ = {isa = PBXFileReference; lastKnownFileType = sourcecode.swift; path = AppDelegate.swift; sourceTree = "<group>"; };
		1173265D26C6B3E500E29186 /* SceneDelegate.swift */ = {isa = PBXFileReference; lastKnownFileType = sourcecode.swift; path = SceneDelegate.swift; sourceTree = "<group>"; };
		1173265F26C6B3E500E29186 /* GameViewController.swift */ = {isa = PBXFileReference; lastKnownFileType = sourcecode.swift; path = GameViewController.swift; sourceTree = "<group>"; };
		1173266226C6B3E500E29186 /* Base */ = {isa = PBXFileReference; lastKnownFileType = file.storyboard; name = Base; path = Base.lproj/Main.storyboard; sourceTree = "<group>"; };
		1173266426C6B3ED00E29186 /* Assets.xcassets */ = {isa = PBXFileReference; lastKnownFileType = folder.assetcatalog; path = Assets.xcassets; sourceTree = "<group>"; };
		1173266726C6B3ED00E29186 /* Base */ = {isa = PBXFileReference; lastKnownFileType = file.storyboard; name = Base; path = Base.lproj/LaunchScreen.storyboard; sourceTree = "<group>"; };
		1173266926C6B3ED00E29186 /* Info.plist */ = {isa = PBXFileReference; lastKnownFileType = text.plist.xml; path = Info.plist; sourceTree = "<group>"; };
		1173267226C6B4AA00E29186 /* HVD_Comic_Serif_Pro.otf */ = {isa = PBXFileReference; lastKnownFileType = file; path = HVD_Comic_Serif_Pro.otf; sourceTree = "<group>"; };
		1173267526C81E9D00E29186 /* String.swift */ = {isa = PBXFileReference; lastKnownFileType = sourcecode.swift; path = String.swift; sourceTree = "<group>"; };
/* End PBXFileReference section */

/* Begin PBXFrameworksBuildPhase section */
		1173265526C6B3E500E29186 /* Frameworks */ = {
			isa = PBXFrameworksBuildPhase;
			buildActionMask = 2147483647;
			files = (
				1139A42126E0D7DD005C255B /* GameKit.framework in Frameworks */,
			);
			runOnlyForDeploymentPostprocessing = 0;
		};
/* End PBXFrameworksBuildPhase section */

/* Begin PBXGroup section */
		1139A41F26E0D7DD005C255B /* Frameworks */ = {
			isa = PBXGroup;
			children = (
				1139A42026E0D7DD005C255B /* GameKit.framework */,
			);
			name = Frameworks;
			sourceTree = "<group>";
		};
		1173264F26C6B3E500E29186 = {
			isa = PBXGroup;
			children = (
				1173265A26C6B3E500E29186 /* Add-1 */,
				1173265926C6B3E500E29186 /* Products */,
				1139A41F26E0D7DD005C255B /* Frameworks */,
			);
			sourceTree = "<group>";
		};
		1173265926C6B3E500E29186 /* Products */ = {
			isa = PBXGroup;
			children = (
				1173265826C6B3E500E29186 /* Add-1.app */,
			);
			name = Products;
			sourceTree = "<group>";
		};
		1173265A26C6B3E500E29186 /* Add-1 */ = {
			isa = PBXGroup;
			children = (
				1139A41C26E0D6F9005C255B /* Add-1.entitlements */,
				1173267526C81E9D00E29186 /* String.swift */,
				1173265B26C6B3E500E29186 /* AppDelegate.swift */,
				1173265D26C6B3E500E29186 /* SceneDelegate.swift */,
				1173265F26C6B3E500E29186 /* GameViewController.swift */,
				1173266126C6B3E500E29186 /* Main.storyboard */,
				1173266426C6B3ED00E29186 /* Assets.xcassets */,
				1173266626C6B3ED00E29186 /* LaunchScreen.storyboard */,
				1173266926C6B3ED00E29186 /* Info.plist */,
				1173267226C6B4AA00E29186 /* HVD_Comic_Serif_Pro.otf */,
			);
			path = "Add-1";
			sourceTree = "<group>";
		};
/* End PBXGroup section */

/* Begin PBXNativeTarget section */
		1173265726C6B3E500E29186 /* Add-1 */ = {
			isa = PBXNativeTarget;
			buildConfigurationList = 1173266C26C6B3ED00E29186 /* Build configuration list for PBXNativeTarget "Add-1" */;
			buildPhases = (
				1173265426C6B3E500E29186 /* Sources */,
				1173265526C6B3E500E29186 /* Frameworks */,
				1173265626C6B3E500E29186 /* Resources */,
			);
			buildRules = (
			);
			dependencies = (
			);
			name = "Add-1";
			productName = "Add-1";
			productReference = 1173265826C6B3E500E29186 /* Add-1.app */;
			productType = "com.apple.product-type.application";
		};
/* End PBXNativeTarget section */

/* Begin PBXProject section */
		1173265026C6B3E500E29186 /* Project object */ = {
			isa = PBXProject;
			attributes = {
				LastSwiftUpdateCheck = 1240;
				LastUpgradeCheck = 1240;
				TargetAttributes = {
					1173265726C6B3E500E29186 = {
						CreatedOnToolsVersion = 12.4;
					};
				};
			};
			buildConfigurationList = 1173265326C6B3E500E29186 /* Build configuration list for PBXProject "Add-1" */;
			compatibilityVersion = "Xcode 9.3";
			developmentRegion = en;
			hasScannedForEncodings = 0;
			knownRegions = (
				en,
				Base,
			);
			mainGroup = 1173264F26C6B3E500E29186;
			productRefGroup = 1173265926C6B3E500E29186 /* Products */;
			projectDirPath = "";
			projectRoot = "";
			targets = (
				1173265726C6B3E500E29186 /* Add-1 */,
			);
		};
/* End PBXProject section */

/* Begin PBXResourcesBuildPhase section */
		1173265626C6B3E500E29186 /* Resources */ = {
			isa = PBXResourcesBuildPhase;
			buildActionMask = 2147483647;
			files = (
				1173266826C6B3ED00E29186 /* LaunchScreen.storyboard in Resources */,
				1173266526C6B3ED00E29186 /* Assets.xcassets in Resources */,
				1173267326C6B4AA00E29186 /* HVD_Comic_Serif_Pro.otf in Resources */,
				1173266326C6B3E500E29186 /* Main.storyboard in Resources */,
			);
			runOnlyForDeploymentPostprocessing = 0;
		};
/* End PBXResourcesBuildPhase section */

/* Begin PBXSourcesBuildPhase section */
		1173265426C6B3E500E29186 /* Sources */ = {
			isa = PBXSourcesBuildPhase;
			buildActionMask = 2147483647;
			files = (
				1173266026C6B3E500E29186 /* GameViewController.swift in Sources */,
				1173265C26C6B3E500E29186 /* AppDelegate.swift in Sources */,
				1173267626C81E9D00E29186 /* String.swift in Sources */,
				1173265E26C6B3E500E29186 /* SceneDelegate.swift in Sources */,
			);
			runOnlyForDeploymentPostprocessing = 0;
		};
/* End PBXSourcesBuildPhase section */

/* Begin PBXVariantGroup section */
		1173266126C6B3E500E29186 /* Main.storyboard */ = {
			isa = PBXVariantGroup;
			children = (
				1173266226C6B3E500E29186 /* Base */,
			);
			name = Main.storyboard;
			sourceTree = "<group>";
		};
		1173266626C6B3ED00E29186 /* LaunchScreen.storyboard */ = {
			isa = PBXVariantGroup;
			children = (
				1173266726C6B3ED00E29186 /* Base */,
			);
			name = LaunchScreen.storyboard;
			sourceTree = "<group>";
		};
/* End PBXVariantGroup section */

/* Begin XCBuildConfiguration section */
		1173266A26C6B3ED00E29186 /* Debug */ = {
			isa = XCBuildConfiguration;
			buildSettings = {
				ALWAYS_SEARCH_USER_PATHS = NO;
				CLANG_ANALYZER_NONNULL = YES;
				CLANG_ANALYZER_NUMBER_OBJECT_CONVERSION = YES_AGGRESSIVE;
				CLANG_CXX_LANGUAGE_STANDARD = "gnu++14";
				CLANG_CXX_LIBRARY = "libc++";
				CLANG_ENABLE_MODULES = YES;
				CLANG_ENABLE_OBJC_ARC = YES;
				CLANG_ENABLE_OBJC_WEAK = YES;
				CLANG_WARN_BLOCK_CAPTURE_AUTORELEASING = YES;
				CLANG_WARN_BOOL_CONVERSION = YES;
				CLANG_WARN_COMMA = YES;
				CLANG_WARN_CONSTANT_CONVERSION = YES;
				CLANG_WARN_DEPRECATED_OBJC_IMPLEMENTATIONS = YES;
				CLANG_WARN_DIRECT_OBJC_ISA_USAGE = YES_ERROR;
				CLANG_WARN_DOCUMENTATION_COMMENTS = YES;
				CLANG_WARN_EMPTY_BODY = YES;
				CLANG_WARN_ENUM_CONVERSION = YES;
				CLANG_WARN_INFINITE_RECURSION = YES;
				CLANG_WARN_INT_CONVERSION = YES;
				CLANG_WARN_NON_LITERAL_NULL_CONVERSION = YES;
				CLANG_WARN_OBJC_IMPLICIT_RETAIN_SELF = YES;
				CLANG_WARN_OBJC_LITERAL_CONVERSION = YES;
				CLANG_WARN_OBJC_ROOT_CLASS = YES_ERROR;
				CLANG_WARN_QUOTED_INCLUDE_IN_FRAMEWORK_HEADER = YES;
				CLANG_WARN_RANGE_LOOP_ANALYSIS = YES;
				CLANG_WARN_STRICT_PROTOTYPES = YES;
				CLANG_WARN_SUSPICIOUS_MOVE = YES;
				CLANG_WARN_UNGUARDED_AVAILABILITY = YES_AGGRESSIVE;
				CLANG_WARN_UNREACHABLE_CODE = YES;
				CLANG_WARN__DUPLICATE_METHOD_MATCH = YES;
				COPY_PHASE_STRIP = NO;
				DEBUG_INFORMATION_FORMAT = dwarf;
				ENABLE_STRICT_OBJC_MSGSEND = YES;
				ENABLE_TESTABILITY = YES;
				GCC_C_LANGUAGE_STANDARD = gnu11;
				GCC_DYNAMIC_NO_PIC = NO;
				GCC_NO_COMMON_BLOCKS = YES;
				GCC_OPTIMIZATION_LEVEL = 0;
				GCC_PREPROCESSOR_DEFINITIONS = (
					"DEBUG=1",
					"$(inherited)",
				);
				GCC_WARN_64_TO_32_BIT_CONVERSION = YES;
				GCC_WARN_ABOUT_RETURN_TYPE = YES_ERROR;
				GCC_WARN_UNDECLARED_SELECTOR = YES;
				GCC_WARN_UNINITIALIZED_AUTOS = YES_AGGRESSIVE;
				GCC_WARN_UNUSED_FUNCTION = YES;
				GCC_WARN_UNUSED_VARIABLE = YES;
				IPHONEOS_DEPLOYMENT_TARGET = 14.4;
				MTL_ENABLE_DEBUG_INFO = INCLUDE_SOURCE;
				MTL_FAST_MATH = YES;
				ONLY_ACTIVE_ARCH = YES;
				SDKROOT = iphoneos;
				SWIFT_ACTIVE_COMPILATION_CONDITIONS = DEBUG;
				SWIFT_OPTIMIZATION_LEVEL = "-Onone";
			};
			name = Debug;
		};
		1173266B26C6B3ED00E29186 /* Release */ = {
			isa = XCBuildConfiguration;
			buildSettings = {
				ALWAYS_SEARCH_USER_PATHS = NO;
				CLANG_ANALYZER_NONNULL = YES;
				CLANG_ANALYZER_NUMBER_OBJECT_CONVERSION = YES_AGGRESSIVE;
				CLANG_CXX_LANGUAGE_STANDARD = "gnu++14";
				CLANG_CXX_LIBRARY = "libc++";
				CLANG_ENABLE_MODULES = YES;
				CLANG_ENABLE_OBJC_ARC = YES;
				CLANG_ENABLE_OBJC_WEAK = YES;
				CLANG_WARN_BLOCK_CAPTURE_AUTORELEASING = YES;
				CLANG_WARN_BOOL_CONVERSION = YES;
				CLANG_WARN_COMMA = YES;
				CLANG_WARN_CONSTANT_CONVERSION = YES;
				CLANG_WARN_DEPRECATED_OBJC_IMPLEMENTATIONS = YES;
				CLANG_WARN_DIRECT_OBJC_ISA_USAGE = YES_ERROR;
				CLANG_WARN_DOCUMENTATION_COMMENTS = YES;
				CLANG_WARN_EMPTY_BODY = YES;
				CLANG_WARN_ENUM_CONVERSION = YES;
				CLANG_WARN_INFINITE_RECURSION = YES;
				CLANG_WARN_INT_CONVERSION = YES;
				CLANG_WARN_NON_LITERAL_NULL_CONVERSION = YES;
				CLANG_WARN_OBJC_IMPLICIT_RETAIN_SELF = YES;
				CLANG_WARN_OBJC_LITERAL_CONVERSION = YES;
				CLANG_WARN_OBJC_ROOT_CLASS = YES_ERROR;
				CLANG_WARN_QUOTED_INCLUDE_IN_FRAMEWORK_HEADER = YES;
				CLANG_WARN_RANGE_LOOP_ANALYSIS = YES;
				CLANG_WARN_STRICT_PROTOTYPES = YES;
				CLANG_WARN_SUSPICIOUS_MOVE = YES;
				CLANG_WARN_UNGUARDED_AVAILABILITY = YES_AGGRESSIVE;
				CLANG_WARN_UNREACHABLE_CODE = YES;
				CLANG_WARN__DUPLICATE_METHOD_MATCH = YES;
				COPY_PHASE_STRIP = NO;
				DEBUG_INFORMATION_FORMAT = "dwarf-with-dsym";
				ENABLE_NS_ASSERTIONS = NO;
				ENABLE_STRICT_OBJC_MSGSEND = YES;
				GCC_C_LANGUAGE_STANDARD = gnu11;
				GCC_NO_COMMON_BLOCKS = YES;
				GCC_WARN_64_TO_32_BIT_CONVERSION = YES;
				GCC_WARN_ABOUT_RETURN_TYPE = YES_ERROR;
				GCC_WARN_UNDECLARED_SELECTOR = YES;
				GCC_WARN_UNINITIALIZED_AUTOS = YES_AGGRESSIVE;
				GCC_WARN_UNUSED_FUNCTION = YES;
				GCC_WARN_UNUSED_VARIABLE = YES;
				IPHONEOS_DEPLOYMENT_TARGET = 14.4;
				MTL_ENABLE_DEBUG_INFO = NO;
				MTL_FAST_MATH = YES;
				SDKROOT = iphoneos;
				SWIFT_COMPILATION_MODE = wholemodule;
				SWIFT_OPTIMIZATION_LEVEL = "-O";
				VALIDATE_PRODUCT = YES;
			};
			name = Release;
		};
		1173266D26C6B3ED00E29186 /* Debug */ = {
			isa = XCBuildConfiguration;
			buildSettings = {
				ASSETCATALOG_COMPILER_APPICON_NAME = AppIcon;
				ASSETCATALOG_COMPILER_GLOBAL_ACCENT_COLOR_NAME = AccentColor;
				CODE_SIGN_ENTITLEMENTS = "Add-1/Add-1.entitlements";
				CODE_SIGN_STYLE = Manual;
				DEVELOPMENT_TEAM = "";
				INFOPLIST_FILE = "Add-1/Info.plist";
				IPHONEOS_DEPLOYMENT_TARGET = 13.6;
				LD_RUNPATH_SEARCH_PATHS = (
					"$(inherited)",
					"@executable_path/Frameworks",
				);
				PRODUCT_BUNDLE_IDENTIFIER = "------.Add-1";
				PRODUCT_NAME = "$(TARGET_NAME)";
				PROVISIONING_PROFILE_SPECIFIER = "";
				SWIFT_VERSION = 5.0;
				TARGETED_DEVICE_FAMILY = "1,2";
			};
			name = Debug;
		};
		1173266E26C6B3ED00E29186 /* Release */ = {
			isa = XCBuildConfiguration;
			buildSettings = {
				ASSETCATALOG_COMPILER_APPICON_NAME = AppIcon;
				ASSETCATALOG_COMPILER_GLOBAL_ACCENT_COLOR_NAME = AccentColor;
				CODE_SIGN_ENTITLEMENTS = "Add-1/Add-1.entitlements";
				CODE_SIGN_STYLE = Manual;
				DEVELOPMENT_TEAM = "";
				INFOPLIST_FILE = "Add-1/Info.plist";
				IPHONEOS_DEPLOYMENT_TARGET = 13.6;
				LD_RUNPATH_SEARCH_PATHS = (
					"$(inherited)",
					"@executable_path/Frameworks",
				);
				PRODUCT_BUNDLE_IDENTIFIER = "------.Add-1";
				PRODUCT_NAME = "$(TARGET_NAME)";
				PROVISIONING_PROFILE_SPECIFIER = "";
				SWIFT_VERSION = 5.0;
				TARGETED_DEVICE_FAMILY = "1,2";
			};
			name = Release;
		};
/* End XCBuildConfiguration section */

/* Begin XCConfigurationList section */
		1173265326C6B3E500E29186 /* Build configuration list for PBXProject "Add-1" */ = {
			isa = XCConfigurationList;
			buildConfigurations = (
				1173266A26C6B3ED00E29186 /* Debug */,
				1173266B26C6B3ED00E29186 /* Release */,
			);
			defaultConfigurationIsVisible = 0;
			defaultConfigurationName = Release;
		};
		1173266C26C6B3ED00E29186 /* Build configuration list for PBXNativeTarget "Add-1" */ = {
			isa = XCConfigurationList;
			buildConfigurations = (
				1173266D26C6B3ED00E29186 /* Debug */,
				1173266E26C6B3ED00E29186 /* Release */,
			);
			defaultConfigurationIsVisible = 0;
			defaultConfigurationName = Release;
		};
/* End XCConfigurationList section */
	};
	rootObject = 1173265026C6B3E500E29186 /* Project object */;
}
